{
    "_meta": {
        "hash": {
            "sha256": "6ce5fbf768e6fd98cab8be5bd0506862ac86b854f03622fc43b867deecfc9ad0"
        },
        "pipfile-spec": 6,
        "requires": {
            "python_version": "3.7"
        },
        "sources": [
            {
                "name": "pypi",
                "url": "https://pypi.org/simple",
                "verify_ssl": true
            }
        ]
    },
    "default": {
        "cython": {
            "hashes": [
                "sha256:004eeb2fc64e9db4a3bc0d65583d69769c7242d29d9335121cbab776688dc122",
                "sha256:028ee8571884a129e0d5c4d48296f6b3ea679668c096bb65fe8b2ff7ac29d707",
                "sha256:162b8b794ca9210c7039d54b6d96cd342e0404e41e7e467baae69f0252d7e52a",
                "sha256:1aba4cf581d203e8fa3b6a7b432b09416e4f93c0d1f7744834acacfe3e9db424",
                "sha256:1be8f08c87b92a880f2fd19f93293e738ca8647834ad05625635320cec9ecad4",
                "sha256:21c707a811912aeb65abe8a66e5adebc759889661c8f4cf677523cd33c609084",
                "sha256:234de250ef09ba667fc6a8f6ba07712d3fe5bb8d92d70d2b958d4c56e3172c4a",
                "sha256:33dad82003df518e1242ac3b0592fc63c49d65d0d37b696cb43b7d35085e6bd5",
                "sha256:54ee6cbc1397b27670e598ae15cab36e826a01605f63bf267a5fd2642bd8a147",
                "sha256:6058c57657d2704c9fad8a56458173d2f525dce4083ca46e9b99b1b35da2b27f",
                "sha256:6d3065f39ea1354eba4807e2752e97d57f26d6f68bc4a4c561264ca4300c46cb",
                "sha256:7059e5acac1d7a82e75e553924d9ea59b0e79203adf903cb999287fbcc8f50f1",
                "sha256:71c31e01f20a3a7273f6f38760d29170ee89e895be540481130cb173ef6b7246",
                "sha256:89225447801e8bd0f6d8e2c0807ded83af8ad7bf4086b5ecf1f22c5a68d1b3e3",
                "sha256:9783f11fe4a4af66b0aa0da68fda833c10b95edd9099a6dbe710d03bcb96adf2",
                "sha256:9a0be0aac30d71fe490a2b0377fca6e13a5242ecc01d09c7a358f1f2fcb07a80",
                "sha256:9a2cccc26dcf2df1e0048cdf63bd714f1d5dfad457f03b9938c5cc3eef74c9ab",
                "sha256:b0889310f8558eb406a4a853d63553b90c621476f1b5b80b46b1ff57eef198cf",
                "sha256:c46ef7b771c88512435399e5ffbc3a70079d4945123d6fbfc6211b4cfdc4e546",
                "sha256:c71a77c1047d65e5b4e614053cbb7b567c36359b2bc1d27fba23b984ab6dddd0",
                "sha256:c9361811a1a49db11efce54fedd01a5544af8db074fce471c720bdb85ec9c7a8",
                "sha256:d021a8326a1d2cdb182b0dd7f49bb42d8a4e6ddfb3c8d388ee5be26d57d49f3b",
                "sha256:d1ee3d39c73a094ae5b6e2f9263ae0dc61af1b549a0869ade8c3c30325ed9f26",
                "sha256:d49d7cf82192edc6e386262a07ceb3515028afbd9009dd8ec669d2c0a9f20128",
                "sha256:dc5fc1fa072a98f152e46465aaf3e02b3ea36a9d3b8c79bfabd47b0e3ad9226c",
                "sha256:e290fed7fe73860657af564e596fff87e75cfda861c067e89212970a47826cc6",
                "sha256:fcf9a9a566ab98495db641eefee471eb03df71e394ee51fdfa9b4c0b9f6928eb",
                "sha256:fe8c1d2538867bf2753988a4a2d548bcb211fcbba125aa3e9092391b16f47b56"
            ],
            "index": "pypi",
            "version": "==0.29.4"
        }
    },
    "develop": {}
}
